// !$*UTF8*$!
{
	archiveVersion = 1;
	classes = {
	};
	objectVersion = 50;
	objects = {

/* Begin PBXBuildFile section */
		8ABBE9A520B6CBD5001345F7 /* AppDelegate.swift in Sources */ = {isa = PBXBuildFile; fileRef = 8ABBE9A420B6CBD5001345F7 /* AppDelegate.swift */; };
		8ABBE9A720B6CBD5001345F7 /* ViewController.swift in Sources */ = {isa = PBXBuildFile; fileRef = 8ABBE9A620B6CBD5001345F7 /* ViewController.swift */; };
		8ABBE9AA20B6CBD5001345F7 /* Main.storyboard in Resources */ = {isa = PBXBuildFile; fileRef = 8ABBE9A820B6CBD5001345F7 /* Main.storyboard */; };
		8ABBE9AC20B6CBD6001345F7 /* Assets.xcassets in Resources */ = {isa = PBXBuildFile; fileRef = 8ABBE9AB20B6CBD6001345F7 /* Assets.xcassets */; };
		8ABBE9AF20B6CBD6001345F7 /* LaunchScreen.storyboard in Resources */ = {isa = PBXBuildFile; fileRef = 8ABBE9AD20B6CBD6001345F7 /* LaunchScreen.storyboard */; };
/* End PBXBuildFile section */

/* Begin PBXFileReference section */
		8ABBE9A120B6CBD5001345F7 /* TestGitHub.app */ = {isa = PBXFileReference; explicitFileType = wrapper.application; includeInIndex = 0; path = TestGitHub.app; sourceTree = BUILT_PRODUCTS_DIR; };
		8ABBE9A420B6CBD5001345F7 /* AppDelegate.swift */ = {isa = PBXFileReference; lastKnownFileType = sourcecode.swift; path = AppDelegate.swift; sourceTree = "<group>"; };
		8ABBE9A620B6CBD5001345F7 /* ViewController.swift */ = {isa = PBXFileReference; lastKnownFileType = sourcecode.swift; path = ViewController.swift; sourceTree = "<group>"; };
		8ABBE9A920B6CBD5001345F7 /* Base */ = {isa = PBXFileReference; lastKnownFileType = file.storyboard; name = Base; path = Base.lproj/Main.storyboard; sourceTree = "<group>"; };
		8ABBE9AB20B6CBD6001345F7 /* Assets.xcassets */ = {isa = PBXFileReference; lastKnownFileType = folder.assetcatalog; path = Assets.xcassets; sourceTree = "<group>"; };
		8ABBE9AE20B6CBD6001345F7 /* Base */ = {isa = PBXFileReference; lastKnownFileType = file.storyboard; name = Base; path = Base.lproj/LaunchScreen.storyboard; sourceTree = "<group>"; };
		8ABBE9B020B6CBD6001345F7 /* Info.plist */ = {isa = PBXFileReference; lastKnownFileType = text.plist.xml; path = Info.plist; sourceTree = "<group>"; };
/* End PBXFileReference section */

/* Begin PBXFrameworksBuildPhase section */
		8ABBE99E20B6CBD5001345F7 /* Frameworks */ = {
			isa = PBXFrameworksBuildPhase;
			buildActionMask = 2147483647;
			files = (
			);
			runOnlyForDeploymentPostprocessing = 0;
		};
/* End PBXFrameworksBuildPhase section */

/* Begin PBXGroup section */
		8ABBE99820B6CBD5001345F7 = {
			isa = PBXGroup;
			children = (
				8ABBE9A320B6CBD5001345F7 /* TestGitHub */,
				8ABBE9A220B6CBD5001345F7 /* Products */,
			);
			sourceTree = "<group>";
		};
		8ABBE9A220B6CBD5001345F7 /* Products */ = {
			isa = PBXGroup;
			children = (
				8ABBE9A120B6CBD5001345F7 /* TestGitHub.app */,
			);
			name = Products;
			sourceTree = "<group>";
		};
		8ABBE9A320B6CBD5001345F7 /* TestGitHub */ = {
			isa = PBXGroup;
			children = (
				8ABBE9A420B6CBD5001345F7 /* AppDelegate.swift */,
				8ABBE9A620B6CBD5001345F7 /* ViewController.swift */,
				8ABBE9A820B6CBD5001345F7 /* Main.storyboard */,
				8ABBE9AB20B6CBD6001345F7 /* Assets.xcassets */,
				8ABBE9AD20B6CBD6001345F7 /* LaunchScreen.storyboard */,
				8ABBE9B020B6CBD6001345F7 /* Info.plist */,
			);
			path = TestGitHub;
			sourceTree = "<group>";
		};
/* End PBXGroup section */

/* Begin PBXNativeTarget section */
		8ABBE9A020B6CBD5001345F7 /* TestGitHub */ = {
			isa = PBXNativeTarget;
			buildConfigurationList = 8ABBE9B320B6CBD6001345F7 /* Build configuration list for PBXNativeTarget "TestGitHub" */;
			buildPhases = (
				8ABBE99D20B6CBD5001345F7 /* Sources */,
				8ABBE99E20B6CBD5001345F7 /* Frameworks */,
				8ABBE99F20B6CBD5001345F7 /* Resources */,
			);
			buildRules = (
			);
			dependencies = (
			);
			name = TestGitHub;
			productName = TestGitHub;
			productReference = 8ABBE9A120B6CBD5001345F7 /* TestGitHub.app */;
			productType = "com.apple.product-type.application";
		};
/* End PBXNativeTarget section */

/* Begin PBXProject section */
		8ABBE99920B6CBD5001345F7 /* Project object */ = {
			isa = PBXProject;
			attributes = {
				LastSwiftUpdateCheck = 0930;
				LastUpgradeCheck = 0930;
				ORGANIZATIONNAME = "Andrey Dovzhenko";
				TargetAttributes = {
					8ABBE9A020B6CBD5001345F7 = {
						CreatedOnToolsVersion = 9.3.1;
					};
				};
			};
			buildConfigurationList = 8ABBE99C20B6CBD5001345F7 /* Build configuration list for PBXProject "TestGitHub" */;
			compatibilityVersion = "Xcode 9.3";
			developmentRegion = en;
			hasScannedForEncodings = 0;
			knownRegions = (
				en,
				Base,
			);
			mainGroup = 8ABBE99820B6CBD5001345F7;
			productRefGroup = 8ABBE9A220B6CBD5001345F7 /* Products */;
			projectDirPath = "";
			projectRoot = "";
			targets = (
				8ABBE9A020B6CBD5001345F7 /* TestGitHub */,
			);
		};
/* End PBXProject section */

/* Begin PBXResourcesBuildPhase section */
		8ABBE99F20B6CBD5001345F7 /* Resources */ = {
			isa = PBXResourcesBuildPhase;
			buildActionMask = 2147483647;
			files = (
				8ABBE9AF20B6CBD6001345F7 /* LaunchScreen.storyboard in Resources */,
				8ABBE9AC20B6CBD6001345F7 /* Assets.xcassets in Resources */,
				8ABBE9AA20B6CBD5001345F7 /* Main.storyboard in Resources */,
			);
			runOnlyForDeploymentPostprocessing = 0;
		};
/* End PBXResourcesBuildPhase section */

/* Begin PBXSourcesBuildPhase section */
		8ABBE99D20B6CBD5001345F7 /* Sources */ = {
			isa = PBXSourcesBuildPhase;
			buildActionMask = 2147483647;
			files = (
				8ABBE9A720B6CBD5001345F7 /* ViewController.swift in Sources */,
				8ABBE9A520B6CBD5001345F7 /* AppDelegate.swift in Sources */,
			);
			runOnlyForDeploymentPostprocessing = 0;
		};
/* End PBXSourcesBuildPhase section */

/* Begin PBXVariantGroup section */
		8ABBE9A820B6CBD5001345F7 /* Main.storyboard */ = {
			isa = PBXVariantGroup;
			children = (
				8ABBE9A920B6CBD5001345F7 /* Base */,
			);
			name = Main.storyboard;
			sourceTree = "<group>";
		};
		8ABBE9AD20B6CBD6001345F7 /* LaunchScreen.storyboard */ = {
			isa = PBXVariantGroup;
			children = (
				8ABBE9AE20B6CBD6001345F7 /* Base */,
			);
			name = LaunchScreen.storyboard;
			sourceTree = "<group>";
		};
/* End PBXVariantGroup section */

/* Begin XCBuildConfiguration section */
		8ABBE9B120B6CBD6001345F7 /* Debug */ = {
			isa = XCBuildConfiguration;
			buildSettings = {
				ALWAYS_SEARCH_USER_PATHS = NO;
				CLANG_ANALYZER_NONNULL = YES;
				CLANG_ANALYZER_NUMBER_OBJECT_CONVERSION = YES_AGGRESSIVE;
				CLANG_CXX_LANGUAGE_STANDARD = "gnu++14";
				CLANG_CXX_LIBRARY = "libc++";
				CLANG_ENABLE_MODULES = YES;
				CLANG_ENABLE_OBJC_ARC = YES;
				CLANG_ENABLE_OBJC_WEAK = YES;
				CLANG_WARN_BLOCK_CAPTURE_AUTORELEASING = YES;
				CLANG_WARN_BOOL_CONVERSION = YES;
				CLANG_WARN_COMMA = YES;
				CLANG_WARN_CONSTANT_CONVERSION = YES;
				CLANG_WARN_DEPRECATED_OBJC_IMPLEMENTATIONS = YES;
				CLANG_WARN_DIRECT_OBJC_ISA_USAGE = YES_ERROR;
				CLANG_WARN_DOCUMENTATION_COMMENTS = YES;
				CLANG_WARN_EMPTY_BODY = YES;
				CLANG_WARN_ENUM_CONVERSION = YES;
				CLANG_WARN_INFINITE_RECURSION = YES;
				CLANG_WARN_INT_CONVERSION = YES;
				CLANG_WARN_NON_LITERAL_NULL_CONVERSION = YES;
				CLANG_WARN_OBJC_IMPLICIT_RETAIN_SELF = YES;
				CLANG_WARN_OBJC_LITERAL_CONVERSION = YES;
				CLANG_WARN_OBJC_ROOT_CLASS = YES_ERROR;
				CLANG_WARN_RANGE_LOOP_ANALYSIS = YES;
				CLANG_WARN_STRICT_PROTOTYPES = YES;
				CLANG_WARN_SUSPICIOUS_MOVE = YES;
				CLANG_WARN_UNGUARDED_AVAILABILITY = YES_AGGRESSIVE;
				CLANG_WARN_UNREACHABLE_CODE = YES;
				CLANG_WARN__DUPLICATE_METHOD_MATCH = YES;
				CODE_SIGN_IDENTITY = "iPhone Developer";
				COPY_PHASE_STRIP = NO;
				DEBUG_INFORMATION_FORMAT = dwarf;
				ENABLE_STRICT_OBJC_MSGSEND = YES;
				ENABLE_TESTABILITY = YES;
				GCC_C_LANGUAGE_STANDARD = gnu11;
				GCC_DYNAMIC_NO_PIC = NO;
				GCC_NO_COMMON_BLOCKS = YES;
				GCC_OPTIMIZATION_LEVEL = 0;
				GCC_PREPROCESSOR_DEFINITIONS = (
					"DEBUG=1",
					"$(inherited)",
				);
				GCC_WARN_64_TO_32_BIT_CONVERSION = YES;
				GCC_WARN_ABOUT_RETURN_TYPE = YES_ERROR;
				GCC_WARN_UNDECLARED_SELECTOR = YES;
				GCC_WARN_UNINITIALIZED_AUTOS = YES_AGGRESSIVE;
				GCC_WARN_UNUSED_FUNCTION = YES;
				GCC_WARN_UNUSED_VARIABLE = YES;
				IPHONEOS_DEPLOYMENT_TARGET = 11.3;
				MTL_ENABLE_DEBUG_INFO = YES;
				ONLY_ACTIVE_ARCH = YES;
				SDKROOT = iphoneos;
				SWIFT_ACTIVE_COMPILATION_CONDITIONS = DEBUG;
				SWIFT_OPTIMIZATION_LEVEL = "-Onone";
			};
			name = Debug;
		};
		8ABBE9B220B6CBD6001345F7 /* Release */ = {
			isa = XCBuildConfiguration;
			buildSettings = {
				ALWAYS_SEARCH_USER_PATHS = NO;
				CLANG_ANALYZER_NONNULL = YES;
				CLANG_ANALYZER_NUMBER_OBJECT_CONVERSION = YES_AGGRESSIVE;
				CLANG_CXX_LANGUAGE_STANDARD = "gnu++14";
				CLANG_CXX_LIBRARY = "libc++";
				CLANG_ENABLE_MODULES = YES;
				CLANG_ENABLE_OBJC_ARC = YES;
				CLANG_ENABLE_OBJC_WEAK = YES;
				CLANG_WARN_BLOCK_CAPTURE_AUTORELEASING = YES;
				CLANG_WARN_BOOL_CONVERSION = YES;
				CLANG_WARN_COMMA = YES;
				CLANG_WARN_CONSTANT_CONVERSION = YES;
				CLANG_WARN_DEPRECATED_OBJC_IMPLEMENTATIONS = YES;
				CLANG_WARN_DIRECT_OBJC_ISA_USAGE = YES_ERROR;
				CLANG_WARN_DOCUMENTATION_COMMENTS = YES;
				CLANG_WARN_EMPTY_BODY = YES;
				CLANG_WARN_ENUM_CONVERSION = YES;
				CLANG_WARN_INFINITE_RECURSION = YES;
				CLANG_WARN_INT_CONVERSION = YES;
				CLANG_WARN_NON_LITERAL_NULL_CONVERSION = YES;
				CLANG_WARN_OBJC_IMPLICIT_RETAIN_SELF = YES;
				CLANG_WARN_OBJC_LITERAL_CONVERSION = YES;
				CLANG_WARN_OBJC_ROOT_CLASS = YES_ERROR;
				CLANG_WARN_RANGE_LOOP_ANALYSIS = YES;
				CLANG_WARN_STRICT_PROTOTYPES = YES;
				CLANG_WARN_SUSPICIOUS_MOVE = YES;
				CLANG_WARN_UNGUARDED_AVAILABILITY = YES_AGGRESSIVE;
				CLANG_WARN_UNREACHABLE_CODE = YES;
				CLANG_WARN__DUPLICATE_METHOD_MATCH = YES;
				CODE_SIGN_IDENTITY = "iPhone Developer";
				COPY_PHASE_STRIP = NO;
				DEBUG_INFORMATION_FORMAT = "dwarf-with-dsym";
				ENABLE_NS_ASSERTIONS = NO;
				ENABLE_STRICT_OBJC_MSGSEND = YES;
				GCC_C_LANGUAGE_STANDARD = gnu11;
				GCC_NO_COMMON_BLOCKS = YES;
				GCC_WARN_64_TO_32_BIT_CONVERSION = YES;
				GCC_WARN_ABOUT_RETURN_TYPE = YES_ERROR;
				GCC_WARN_UNDECLARED_SELECTOR = YES;
				GCC_WARN_UNINITIALIZED_AUTOS = YES_AGGRESSIVE;
				GCC_WARN_UNUSED_FUNCTION = YES;
				GCC_WARN_UNUSED_VARIABLE = YES;
				IPHONEOS_DEPLOYMENT_TARGET = 11.3;
				MTL_ENABLE_DEBUG_INFO = NO;
				SDKROOT = iphoneos;
				SWIFT_COMPILATION_MODE = wholemodule;
				SWIFT_OPTIMIZATION_LEVEL = "-O";
				VALIDATE_PRODUCT = YES;
			};
			name = Release;
		};
		8ABBE9B420B6CBD6001345F7 /* Debug */ = {
			isa = XCBuildConfiguration;
			buildSettings = {
				ASSETCATALOG_COMPILER_APPICON_NAME = AppIcon;
				CODE_SIGN_STYLE = Automatic;
				INFOPLIST_FILE = TestGitHub/Info.plist;
				LD_RUNPATH_SEARCH_PATHS = (
					"$(inherited)",
					"@executable_path/Frameworks",
				);
				PRODUCT_BUNDLE_IDENTIFIER = "Andrey-Dovzhenko.TestGitHub";
				PRODUCT_NAME = "$(TARGET_NAME)";
				SWIFT_VERSION = 4.0;
				TARGETED_DEVICE_FAMILY = "1,2";
			};
			name = Debug;
		};
		8ABBE9B520B6CBD6001345F7 /* Release */ = {
			isa = XCBuildConfiguration;
			buildSettings = {
				ASSETCATALOG_COMPILER_APPICON_NAME = AppIcon;
				CODE_SIGN_STYLE = Automatic;
				INFOPLIST_FILE = TestGitHub/Info.plist;
				LD_RUNPATH_SEARCH_PATHS = (
					"$(inherited)",
					"@executable_path/Frameworks",
				);
				PRODUCT_BUNDLE_IDENTIFIER = "Andrey-Dovzhenko.TestGitHub";
				PRODUCT_NAME = "$(TARGET_NAME)";
				SWIFT_VERSION = 4.0;
				TARGETED_DEVICE_FAMILY = "1,2";
			};
			name = Release;
		};
/* End XCBuildConfiguration section */

/* Begin XCConfigurationList section */
		8ABBE99C20B6CBD5001345F7 /* Build configuration list for PBXProject "TestGitHub" */ = {
			isa = XCConfigurationList;
			buildConfigurations = (
				8ABBE9B120B6CBD6001345F7 /* Debug */,
				8ABBE9B220B6CBD6001345F7 /* Release */,
			);
			defaultConfigurationIsVisible = 0;
			defaultConfigurationName = Release;
		};
		8ABBE9B320B6CBD6001345F7 /* Build configuration list for PBXNativeTarget "TestGitHub" */ = {
			isa = XCConfigurationList;
			buildConfigurations = (
				8ABBE9B420B6CBD6001345F7 /* Debug */,
				8ABBE9B520B6CBD6001345F7 /* Release */,
			);
			defaultConfigurationIsVisible = 0;
			defaultConfigurationName = Release;
		};
/* End XCConfigurationList section */
	};
	rootObject = 8ABBE99920B6CBD5001345F7 /* Project object */;
}
